
Microsoft Visual Studio Solution File, Format Version 12.00
# Visual Studio Version 17
VisualStudioVersion = 17.9.34723.18
MinimumVisualStudioVersion = 10.0.40219.1
Project("{FAE04EC0-301F-11D3-BF4B-00C04F79EFBC}") = "Team04_API", "Team04_API.csproj", "{69EA1006-8A89-44D1-A944-C6B8CA9CE0FC}"
EndProject
Global
	GlobalSection(SolutionConfigurationPlatforms) = preSolution
		Debug|Any CPU = Debug|Any CPU
		Release|Any CPU = Release|Any CPU
	EndGlobalSection
	GlobalSection(ProjectConfigurationPlatforms) = postSolution
		{69EA1006-8A89-44D1-A944-C6B8CA9CE0FC}.Debug|Any CPU.ActiveCfg = Debug|Any CPU
		{69EA1006-8A89-44D1-A944-C6B8CA9CE0FC}.Debug|Any CPU.Build.0 = Debug|Any CPU
		{69EA1006-8A89-44D1-A944-C6B8CA9CE0FC}.Release|Any CPU.ActiveCfg = Release|Any CPU
		{69EA1006-8A89-44D1-A944-C6B8CA9CE0FC}.Release|Any CPU.Build.0 = Release|Any CPU
	EndGlobalSection
	GlobalSection(SolutionProperties) = preSolution
		HideSolutionNode = FALSE
	EndGlobalSection
	GlobalSection(ExtensibilityGlobals) = postSolution
		SolutionGuid = {091CFA7C-AF8F-4B72-B6CB-BB91DD581BED}
	EndGlobalSection
EndGlobal
